
Microsoft Visual Studio Solution File, Format Version 12.00
# Visual Studio 15
VisualStudioVersion = 15.0.28010.2050
MinimumVisualStudioVersion = 10.0.40219.1
Project("{FAE04EC0-301F-11D3-BF4B-00C04F79EFBC}") = "CAPA_DATOS", "CAPA_DATOS\CAPA_DATOS.csproj", "{BF65EB9A-97DE-4FD8-B52A-DEF19BA8B044}"
EndProject
Project("{FAE04EC0-301F-11D3-BF4B-00C04F79EFBC}") = "CAPA_NEGOCIO", "CAPA_NEGOCIO\CAPA_NEGOCIO.csproj", "{2AA3DD15-4AC1-45F0-8AB2-C729063BE2B2}"
EndProject
Project("{FAE04EC0-301F-11D3-BF4B-00C04F79EFBC}") = "SysAlmacen", "SysAlmacen\SysAlmacen.csproj", "{FF9CC7C5-59C5-4CC0-B55F-F971E9ED5F4C}"
EndProject
Global
	GlobalSection(SolutionConfigurationPlatforms) = preSolution
		Debug|Any CPU = Debug|Any CPU
		Release|Any CPU = Release|Any CPU
	EndGlobalSection
	GlobalSection(ProjectConfigurationPlatforms) = postSolution
		{BF65EB9A-97DE-4FD8-B52A-DEF19BA8B044}.Debug|Any CPU.ActiveCfg = Debug|Any CPU
		{BF65EB9A-97DE-4FD8-B52A-DEF19BA8B044}.Debug|Any CPU.Build.0 = Debug|Any CPU
		{BF65EB9A-97DE-4FD8-B52A-DEF19BA8B044}.Release|Any CPU.ActiveCfg = Release|Any CPU
		{BF65EB9A-97DE-4FD8-B52A-DEF19BA8B044}.Release|Any CPU.Build.0 = Release|Any CPU
		{2AA3DD15-4AC1-45F0-8AB2-C729063BE2B2}.Debug|Any CPU.ActiveCfg = Debug|Any CPU
		{2AA3DD15-4AC1-45F0-8AB2-C729063BE2B2}.Debug|Any CPU.Build.0 = Debug|Any CPU
		{2AA3DD15-4AC1-45F0-8AB2-C729063BE2B2}.Release|Any CPU.ActiveCfg = Release|Any CPU
		{2AA3DD15-4AC1-45F0-8AB2-C729063BE2B2}.Release|Any CPU.Build.0 = Release|Any CPU
		{FF9CC7C5-59C5-4CC0-B55F-F971E9ED5F4C}.Debug|Any CPU.ActiveCfg = Debug|Any CPU
		{FF9CC7C5-59C5-4CC0-B55F-F971E9ED5F4C}.Debug|Any CPU.Build.0 = Debug|Any CPU
		{FF9CC7C5-59C5-4CC0-B55F-F971E9ED5F4C}.Release|Any CPU.ActiveCfg = Release|Any CPU
		{FF9CC7C5-59C5-4CC0-B55F-F971E9ED5F4C}.Release|Any CPU.Build.0 = Release|Any CPU
	EndGlobalSection
	GlobalSection(SolutionProperties) = preSolution
		HideSolutionNode = FALSE
	EndGlobalSection
	GlobalSection(ExtensibilityGlobals) = postSolution
		SolutionGuid = {FB6E029E-3774-4F3E-977F-63D91C21C6FE}
	EndGlobalSection
EndGlobal
